# THIS IS AN AUTOGENERATED FILE. DO NOT EDIT THIS FILE DIRECTLY.
# yarn lockfile v1


"@babel/runtime@^7.0.0":
  version "7.1.2"
  resolved "https://registry.yarnpkg.com/@babel/runtime/-/runtime-7.1.2.tgz#81c89935f4647706fc54541145e6b4ecfef4b8e3"
  integrity sha512-Y3SCjmhSupzFB6wcv1KmmFucH6gDVnI30WjOcicV10ju0cZjak3Jcs67YLIXBrmZYw1xCrVeJPbycFwrqNyxpg==
  dependencies:
    regenerator-runtime "^0.12.0"

"@types/prop-types@*":
  version "15.5.6"
  resolved "https://registry.yarnpkg.com/@types/prop-types/-/prop-types-15.5.6.tgz#9c03d3fed70a8d517c191b7734da2879b50ca26c"
  integrity sha512-ZBFR7TROLVzCkswA3Fmqq+IIJt62/T7aY/Dmz+QkU7CaW2QFqAitCE8Ups7IzmGhcN1YWMBT4Qcoc07jU9hOJQ==

"@types/ramda@^0.25.39":
  version "0.25.39"
  resolved "https://registry.yarnpkg.com/@types/ramda/-/ramda-0.25.39.tgz#7f6ddc0baa6e7f99860e7752dcfbeae5655bf525"
  integrity sha512-GJr1BOUjtdLexxQLhflMw1tCDav3csdUTC7twHx0GZUF9RTWGnJkYnUFAZE5cv1YnefgZabdfC8GvtJgVmQL7A==

"@types/react@*":
  version "16.4.16"
  resolved "https://registry.yarnpkg.com/@types/react/-/react-16.4.16.tgz#99f91b1200ae8c2062030402006d3b3c3a177043"
  integrity sha512-lxyoipLWweAnLnSsV4Ho2NAZTKKmxeYgkTQ6PaDiPDU9JJBUY2zJVVGiK1smzYv8+ZgbqEmcm5xM74GCpunSEA==
  dependencies:
    "@types/prop-types" "*"
    csstype "^2.2.0"

"@types/recompose@^0.27.0":
  version "0.27.0"
  resolved "https://registry.yarnpkg.com/@types/recompose/-/recompose-0.27.0.tgz#66955b8ea4d477c3c03f09a571380ca82549cdac"
  integrity sha512-p92Unulom3aSdgWCFXrKIpd6obaO3gOKJhEBJUBohlcC21aDXnsnu1BbYL42GeV5qcXezeRXM1SXiyKpnFSGlA==
  dependencies:
    "@types/react" "*"

arrify@^1.0.0:
  version "1.0.1"
  resolved "https://registry.yarnpkg.com/arrify/-/arrify-1.0.1.tgz#898508da2226f380df904728456849c1501a4b0d"
  integrity sha1-iYUI2iIm84DfkEcoRWhJwVAaSw0=

asap@~2.0.3:
  version "2.0.6"
  resolved "https://registry.yarnpkg.com/asap/-/asap-2.0.6.tgz#e50347611d7e690943208bbdafebcbc2fb866d46"
  integrity sha1-5QNHYR1+aQlDIIu9r+vLwvuGbUY=

buffer-from@^1.0.0, buffer-from@^1.1.0:
  version "1.1.1"
  resolved "https://registry.yarnpkg.com/buffer-from/-/buffer-from-1.1.1.tgz#32713bc028f75c02fdb710d7c7bcec1f2c6070ef"
  integrity sha512-MQcXEUbCKtEo7bhqEs6560Hyd4XaovZlO/k9V3hjVUF/zwW7KBVdSK4gIt/bzwS9MbR5qob+F5jusZsb0YQK2A==

change-emitter@^0.1.2:
  version "0.1.6"
  resolved "https://registry.yarnpkg.com/change-emitter/-/change-emitter-0.1.6.tgz#e8b2fe3d7f1ab7d69a32199aff91ea6931409515"
  integrity sha1-6LL+PX8at9aaMhma/5HqaTFAlRU=

core-js@^1.0.0:
  version "1.2.7"
  resolved "https://registry.yarnpkg.com/core-js/-/core-js-1.2.7.tgz#652294c14651db28fa93bd2d5ff2983a4f08c636"
  integrity sha1-ZSKUwUZR2yj6k70tX/KYOk8IxjY=

csstype@^2.2.0:
  version "2.5.7"
  resolved "https://registry.yarnpkg.com/csstype/-/csstype-2.5.7.tgz#bf9235d5872141eccfb2d16d82993c6b149179ff"
  integrity sha512-Nt5VDyOTIIV4/nRFswoCKps1R5CD1hkiyjBE9/thNaNZILLEviVw9yWQw15+O+CpNjQKB/uvdcxFFOrSflY3Yw==

diff@^3.1.0:
  version "3.5.0"
  resolved "https://registry.yarnpkg.com/diff/-/diff-3.5.0.tgz#800c0dd1e0a8bfbc95835c202ad220fe317e5a12"
  integrity sha512-A46qtFgd+g7pDZinpnwiRJtxbC1hpgf0uzP3iG89scHk0AUC7A1TGxf5OiiOUv/JMZR8GOt8hL900hV0bOy5xA==

encoding@^0.1.11:
  version "0.1.12"
  resolved "https://registry.yarnpkg.com/encoding/-/encoding-0.1.12.tgz#538b66f3ee62cd1ab51ec323829d1f9480c74beb"
  integrity sha1-U4tm8+5izRq1HsMjgp0flIDHS+s=
  dependencies:
    iconv-lite "~0.4.13"

fbjs@^0.8.1:
  version "0.8.17"
  resolved "https://registry.yarnpkg.com/fbjs/-/fbjs-0.8.17.tgz#c4d598ead6949112653d6588b01a5cdcd9f90fdd"
  integrity sha1-xNWY6taUkRJlPWWIsBpc3Nn5D90=
  dependencies:
    core-js "^1.0.0"
    isomorphic-fetch "^2.1.1"
    loose-envify "^1.0.0"
    object-assign "^4.1.0"
    promise "^7.1.1"
    setimmediate "^1.0.5"
    ua-parser-js "^0.7.18"

hoist-non-react-statics@^2.3.1:
  version "2.5.5"
  resolved "https://registry.yarnpkg.com/hoist-non-react-statics/-/hoist-non-react-statics-2.5.5.tgz#c5903cf409c0dfd908f388e619d86b9c1174cb47"
  integrity sha512-rqcy4pJo55FTTLWt+bU8ukscqHeE/e9KWvsOW2b/a3afxQZhwkQdT1rPPCJ0rYXdj4vNcasY8zHTH+jF/qStxw==

iconv-lite@~0.4.13:
  version "0.4.24"
  resolved "https://registry.yarnpkg.com/iconv-lite/-/iconv-lite-0.4.24.tgz#2022b4b25fbddc21d2f524974a474aafe733908b"
  integrity sha512-v3MXnZAcvnywkTUEZomIActle7RXXeedOR31wwl7VlyoXO4Qi9arvSenNQWne1TcRwhCL1HwLI21bEqdpj8/rA==
  dependencies:
    safer-buffer ">= 2.1.2 < 3"

insert-if@1.1.0:
  version "1.1.0"
  resolved "https://registry.yarnpkg.com/insert-if/-/insert-if-1.1.0.tgz#3a80c9fc77ae54a078203a8d8eaa5afce2796849"
  integrity sha512-67M7OaZw0x58rffBPMCV6D4AAIMZUXQ5SlJxuCgpy+4JL4SYu4foPVrsPk9cv9GzeFGL14/rpWc22HiIgzwCvg==

is-stream@^1.0.1:
  version "1.1.0"
  resolved "https://registry.yarnpkg.com/is-stream/-/is-stream-1.1.0.tgz#12d4a3dd4e68e0b79ceb8dbc84173ae80d91ca44"
  integrity sha1-EtSj3U5o4Lec6428hBc66A2RykQ=

isomorphic-fetch@^2.1.1:
  version "2.2.1"
  resolved "https://registry.yarnpkg.com/isomorphic-fetch/-/isomorphic-fetch-2.2.1.tgz#611ae1acf14f5e81f729507472819fe9733558a9"
  integrity sha1-YRrhrPFPXoH3KVB0coGf6XM1WKk=
  dependencies:
    node-fetch "^1.0.1"
    whatwg-fetch ">=0.10.0"

"js-tokens@^3.0.0 || ^4.0.0":
  version "4.0.0"
  resolved "https://registry.yarnpkg.com/js-tokens/-/js-tokens-4.0.0.tgz#19203fb59991df98e3a287050d4647cdeaf32499"
  integrity sha512-RdJUflcE3cUzKiMqQgsCu06FPu9UdIJO0beYbPhHN4k6apgJtifcoCtT9bcxOpYBtpD2kCM6Sbzg4CausW/PKQ==

loose-envify@^1.0.0:
  version "1.4.0"
  resolved "https://registry.yarnpkg.com/loose-envify/-/loose-envify-1.4.0.tgz#71ee51fa7be4caec1a63839f7e682d8132d30caf"
  integrity sha512-lyuxPGr/Wfhrlem2CL/UcnUc1zcqKAImBDzukY7Y5F/yQiNdko6+fRLevlw1HgMySw7f611UIY408EtxRSoK3Q==
  dependencies:
    js-tokens "^3.0.0 || ^4.0.0"

make-error@^1.1.1:
  version "1.3.5"
  resolved "https://registry.yarnpkg.com/make-error/-/make-error-1.3.5.tgz#efe4e81f6db28cadd605c70f29c831b58ef776c8"
  integrity sha512-c3sIjNUow0+8swNwVpqoH4YCShKNFkMaw6oH1mNS2haDZQqkeZFlHS3dhoeEbKKmJB4vXpJucU6oH75aDYeE9g==

minimist@0.0.8:
  version "0.0.8"
  resolved "https://registry.yarnpkg.com/minimist/-/minimist-0.0.8.tgz#857fcabfc3397d2625b8228262e86aa7a011b05d"
  integrity sha1-hX/Kv8M5fSYluCKCYuhqp6ARsF0=

minimist@^1.2.0:
  version "1.2.0"
  resolved "https://registry.yarnpkg.com/minimist/-/minimist-1.2.0.tgz#a35008b20f41383eec1fb914f4cd5df79a264284"
  integrity sha1-o1AIsg9BOD7sH7kU9M1d95omQoQ=

mkdirp@^0.5.1:
  version "0.5.1"
  resolved "https://registry.yarnpkg.com/mkdirp/-/mkdirp-0.5.1.tgz#30057438eac6cf7f8c4767f38648d6697d75c903"
  integrity sha1-MAV0OOrGz3+MR2fzhkjWaX11yQM=
  dependencies:
    minimist "0.0.8"

node-fetch@^1.0.1:
  version "1.7.3"
  resolved "https://registry.yarnpkg.com/node-fetch/-/node-fetch-1.7.3.tgz#980f6f72d85211a5347c6b2bc18c5b84c3eb47ef"
  integrity sha512-NhZ4CsKx7cYm2vSrBAr2PvFOe6sWDf0UYLRqA6svUYg7+/TSfVAu49jYC4BvQ4Sms9SZgdqGBgroqfDhJdTyKQ==
  dependencies:
    encoding "^0.1.11"
    is-stream "^1.0.1"

object-assign@^4.1.0:
  version "4.1.1"
  resolved "https://registry.yarnpkg.com/object-assign/-/object-assign-4.1.1.tgz#2109adc7965887cfc05cbbd442cac8bfbb360863"
  integrity sha1-IQmtx5ZYh8/AXLvUQsrIv7s2CGM=

prettier@1.14.3:
  version "1.14.3"
  resolved "https://registry.yarnpkg.com/prettier/-/prettier-1.14.3.tgz#90238dd4c0684b7edce5f83b0fb7328e48bd0895"
  integrity sha512-qZDVnCrnpsRJJq5nSsiHCE3BYMED2OtsI+cmzIzF1QIfqm5ALf8tEJcO27zV1gKNKRPdhjO0dNWnrzssDQ1tFg==

promise@^7.1.1:
  version "7.3.1"
  resolved "https://registry.yarnpkg.com/promise/-/promise-7.3.1.tgz#064b72602b18f90f29192b8b1bc418ffd1ebd3bf"
  integrity sha512-nolQXZ/4L+bP/UGlkfaIujX9BKxGwmQ9OT4mOt5yvy8iK1h3wqTEJCijzGANTCCl9nWjY41juyAn2K3Q1hLLTg==
  dependencies:
    asap "~2.0.3"

ramda-adjunct@2.10.0:
  version "2.10.0"
  resolved "https://registry.yarnpkg.com/ramda-adjunct/-/ramda-adjunct-2.10.0.tgz#94fbb3377a6ef01e6be869a0c2c236ba66393708"
  integrity sha512-OQVjMUPnm6LJhAlKuWMVT7VoaN3MsCvIkUOIsg7WH9I2hL8e8G3S/voBoJEYqK5KZXbcASn8vg2sLMejwo3q5A==

ramda@0.25.0:
  version "0.25.0"
  resolved "https://registry.yarnpkg.com/ramda/-/ramda-0.25.0.tgz#8fdf68231cffa90bc2f9460390a0cb74a29b29a9"
  integrity sha512-GXpfrYVPwx3K7RQ6aYT8KPS8XViSXUVJT1ONhoKPE9VAleW42YE+U+8VEyGWt41EnEQW7gwecYJriTI0pKoecQ==

react-lifecycles-compat@^3.0.2:
  version "3.0.4"
  resolved "https://registry.yarnpkg.com/react-lifecycles-compat/-/react-lifecycles-compat-3.0.4.tgz#4f1a273afdfc8f3488a8c516bfda78f872352362"
  integrity sha512-fBASbA6LnOU9dOU2eW7aQ8xmYBSXUIWr+UmF9b1efZBazGNO+rcXT/icdKnYm2pTwcRylVUYwW7H1PHfLekVzA==

recompose@0.30.0:
  version "0.30.0"
  resolved "https://registry.yarnpkg.com/recompose/-/recompose-0.30.0.tgz#82773641b3927e8c7d24a0d87d65aeeba18aabd0"
  integrity sha512-ZTrzzUDa9AqUIhRk4KmVFihH0rapdCSMFXjhHbNrjAWxBuUD/guYlyysMnuHjlZC/KRiOKRtB4jf96yYSkKE8w==
  dependencies:
    "@babel/runtime" "^7.0.0"
    change-emitter "^0.1.2"
    fbjs "^0.8.1"
    hoist-non-react-statics "^2.3.1"
    react-lifecycles-compat "^3.0.2"
    symbol-observable "^1.0.4"

regenerator-runtime@^0.12.0:
  version "0.12.1"
  resolved "https://registry.yarnpkg.com/regenerator-runtime/-/regenerator-runtime-0.12.1.tgz#fa1a71544764c036f8c49b13a08b2594c9f8a0de"
  integrity sha512-odxIc1/vDlo4iZcfXqRYFj0vpXFNoGdKMAUieAlFYO6m/nl5e9KR/beGf41z4a1FI+aQgtjhuaSlDxQ0hmkrHg==

"safer-buffer@>= 2.1.2 < 3":
  version "2.1.2"
  resolved "https://registry.yarnpkg.com/safer-buffer/-/safer-buffer-2.1.2.tgz#44fa161b0187b9549dd84bb91802f9bd8385cd6a"
  integrity sha512-YZo3K82SD7Riyi0E1EQPojLz7kpepnSQI9IyPbHHg1XXXevb5dJI7tpyN2ADxGcQbHG7vcyRHk0cbwqcQriUtg==

setimmediate@^1.0.5:
  version "1.0.5"
  resolved "https://registry.yarnpkg.com/setimmediate/-/setimmediate-1.0.5.tgz#290cbb232e306942d7d7ea9b83732ab7856f8285"
  integrity sha1-KQy7Iy4waULX1+qbg3Mqt4VvgoU=

source-map-support@^0.5.6:
  version "0.5.9"
  resolved "https://registry.yarnpkg.com/source-map-support/-/source-map-support-0.5.9.tgz#41bc953b2534267ea2d605bccfa7bfa3111ced5f"
  integrity sha512-gR6Rw4MvUlYy83vP0vxoVNzM6t8MUXqNuRsuBmBHQDu1Fh6X015FrLdgoDKcNdkwGubozq0P4N0Q37UyFVr1EA==
  dependencies:
    buffer-from "^1.0.0"
    source-map "^0.6.0"

source-map@^0.6.0:
  version "0.6.1"
  resolved "https://registry.yarnpkg.com/source-map/-/source-map-0.6.1.tgz#74722af32e9614e9c287a8d0bbde48b5e2f1a263"
  integrity sha512-UjgapumWlbMhkBgzT7Ykc5YXUT46F0iKu8SGXq0bcwP5dz/h0Plj6enJqjz1Zbq2l5WaqYnrVbwWOWMyF3F47g==

symbol-observable@^1.0.4:
  version "1.2.0"
  resolved "https://registry.yarnpkg.com/symbol-observable/-/symbol-observable-1.2.0.tgz#c22688aed4eab3cdc2dfeacbb561660560a00804"
  integrity sha512-e900nM8RRtGhlV36KGEU9k65K3mPb1WV70OdjfxlG2EAuM1noi/E/BaW/uMhL7bPEssK8QV57vN3esixjUvcXQ==

ts-node@7.0.1:
  version "7.0.1"
  resolved "https://registry.yarnpkg.com/ts-node/-/ts-node-7.0.1.tgz#9562dc2d1e6d248d24bc55f773e3f614337d9baf"
  integrity sha512-BVwVbPJRspzNh2yfslyT1PSbl5uIk03EZlb493RKHN4qej/D06n1cEhjlOJG69oFsE7OT8XjpTUcYf6pKTLMhw==
  dependencies:
    arrify "^1.0.0"
    buffer-from "^1.1.0"
    diff "^3.1.0"
    make-error "^1.1.1"
    minimist "^1.2.0"
    mkdirp "^0.5.1"
    source-map-support "^0.5.6"
    yn "^2.0.0"

typescript@3.1.1:
  version "3.1.1"
  resolved "https://registry.yarnpkg.com/typescript/-/typescript-3.1.1.tgz#3362ba9dd1e482ebb2355b02dfe8bcd19a2c7c96"
  integrity sha512-Veu0w4dTc/9wlWNf2jeRInNodKlcdLgemvPsrNpfu5Pq39sgfFjvIIgTsvUHCoLBnMhPoUA+tFxsXjU6VexVRQ==

ua-parser-js@^0.7.18:
  version "0.7.18"
  resolved "https://registry.yarnpkg.com/ua-parser-js/-/ua-parser-js-0.7.18.tgz#a7bfd92f56edfb117083b69e31d2aa8882d4b1ed"
  integrity sha512-LtzwHlVHwFGTptfNSgezHp7WUlwiqb0gA9AALRbKaERfxwJoiX0A73QbTToxteIAuIaFshhgIZfqK8s7clqgnA==

whatwg-fetch@>=0.10.0:
  version "3.0.0"
  resolved "https://registry.yarnpkg.com/whatwg-fetch/-/whatwg-fetch-3.0.0.tgz#fc804e458cc460009b1a2b966bc8817d2578aefb"
  integrity sha512-9GSJUgz1D4MfyKU7KRqwOjXCXTqWdFNvEr7eUBYchQiVc744mqK/MzXPNR2WsPkmkOa4ywfg8C2n8h+13Bey1Q==

yn@^2.0.0:
  version "2.0.0"
  resolved "https://registry.yarnpkg.com/yn/-/yn-2.0.0.tgz#e5adabc8acf408f6385fc76495684c88e6af689a"
  integrity sha1-5a2ryKz0CPY4X8dklWhMiOavaJo=
